// !$*UTF8*$!
{
	archiveVersion = 1;
	classes = {
	};
	objectVersion = 48;
	objects = {

/* Begin PBXBuildFile section */
		F15D4D201FDE9B4400C270FB /* AppDelegate.swift in Sources */ = {isa = PBXBuildFile; fileRef = F15D4D1F1FDE9B4400C270FB /* AppDelegate.swift */; };
		F15D4D221FDE9B4400C270FB /* FirstViewController.swift in Sources */ = {isa = PBXBuildFile; fileRef = F15D4D211FDE9B4400C270FB /* FirstViewController.swift */; };
		F15D4D241FDE9B4400C270FB /* SecondViewController.swift in Sources */ = {isa = PBXBuildFile; fileRef = F15D4D231FDE9B4400C270FB /* SecondViewController.swift */; };
		F15D4D271FDE9B4400C270FB /* Main.storyboard in Resources */ = {isa = PBXBuildFile; fileRef = F15D4D251FDE9B4400C270FB /* Main.storyboard */; };
		F15D4D291FDE9B4400C270FB /* Assets.xcassets in Resources */ = {isa = PBXBuildFile; fileRef = F15D4D281FDE9B4400C270FB /* Assets.xcassets */; };
		F15D4D2C1FDE9B4400C270FB /* LaunchScreen.storyboard in Resources */ = {isa = PBXBuildFile; fileRef = F15D4D2A1FDE9B4400C270FB /* LaunchScreen.storyboard */; };
/* End PBXBuildFile section */

/* Begin PBXFileReference section */
		F15D4D1C1FDE9B4400C270FB /* NewMarco.app */ = {isa = PBXFileReference; explicitFileType = wrapper.application; includeInIndex = 0; path = NewMarco.app; sourceTree = BUILT_PRODUCTS_DIR; };
		F15D4D1F1FDE9B4400C270FB /* AppDelegate.swift */ = {isa = PBXFileReference; lastKnownFileType = sourcecode.swift; path = AppDelegate.swift; sourceTree = "<group>"; };
		F15D4D211FDE9B4400C270FB /* FirstViewController.swift */ = {isa = PBXFileReference; lastKnownFileType = sourcecode.swift; path = FirstViewController.swift; sourceTree = "<group>"; };
		F15D4D231FDE9B4400C270FB /* SecondViewController.swift */ = {isa = PBXFileReference; lastKnownFileType = sourcecode.swift; path = SecondViewController.swift; sourceTree = "<group>"; };
		F15D4D261FDE9B4400C270FB /* Base */ = {isa = PBXFileReference; lastKnownFileType = file.storyboard; name = Base; path = Base.lproj/Main.storyboard; sourceTree = "<group>"; };
		F15D4D281FDE9B4400C270FB /* Assets.xcassets */ = {isa = PBXFileReference; lastKnownFileType = folder.assetcatalog; path = Assets.xcassets; sourceTree = "<group>"; };
		F15D4D2B1FDE9B4400C270FB /* Base */ = {isa = PBXFileReference; lastKnownFileType = file.storyboard; name = Base; path = Base.lproj/LaunchScreen.storyboard; sourceTree = "<group>"; };
		F15D4D2D1FDE9B4400C270FB /* Info.plist */ = {isa = PBXFileReference; lastKnownFileType = text.plist.xml; path = Info.plist; sourceTree = "<group>"; };
/* End PBXFileReference section */

/* Begin PBXFrameworksBuildPhase section */
		F15D4D191FDE9B4400C270FB /* Frameworks */ = {
			isa = PBXFrameworksBuildPhase;
			buildActionMask = 2147483647;
			files = (
			);
			runOnlyForDeploymentPostprocessing = 0;
		};
/* End PBXFrameworksBuildPhase section */

/* Begin PBXGroup section */
		F15D4D131FDE9B4400C270FB = {
			isa = PBXGroup;
			children = (
				F15D4D1E1FDE9B4400C270FB /* NewMarco */,
				F15D4D1D1FDE9B4400C270FB /* Products */,
			);
			sourceTree = "<group>";
		};
		F15D4D1D1FDE9B4400C270FB /* Products */ = {
			isa = PBXGroup;
			children = (
				F15D4D1C1FDE9B4400C270FB /* NewMarco.app */,
			);
			name = Products;
			sourceTree = "<group>";
		};
		F15D4D1E1FDE9B4400C270FB /* NewMarco */ = {
			isa = PBXGroup;
			children = (
				F15D4D1F1FDE9B4400C270FB /* AppDelegate.swift */,
				F15D4D211FDE9B4400C270FB /* FirstViewController.swift */,
				F15D4D231FDE9B4400C270FB /* SecondViewController.swift */,
				F15D4D251FDE9B4400C270FB /* Main.storyboard */,
				F15D4D281FDE9B4400C270FB /* Assets.xcassets */,
				F15D4D2A1FDE9B4400C270FB /* LaunchScreen.storyboard */,
				F15D4D2D1FDE9B4400C270FB /* Info.plist */,
			);
			path = NewMarco;
			sourceTree = "<group>";
		};
/* End PBXGroup section */

/* Begin PBXNativeTarget section */
		F15D4D1B1FDE9B4400C270FB /* NewMarco */ = {
			isa = PBXNativeTarget;
			buildConfigurationList = F15D4D301FDE9B4400C270FB /* Build configuration list for PBXNativeTarget "NewMarco" */;
			buildPhases = (
				F15D4D181FDE9B4400C270FB /* Sources */,
				F15D4D191FDE9B4400C270FB /* Frameworks */,
				F15D4D1A1FDE9B4400C270FB /* Resources */,
			);
			buildRules = (
			);
			dependencies = (
			);
			name = NewMarco;
			productName = NewMarco;
			productReference = F15D4D1C1FDE9B4400C270FB /* NewMarco.app */;
			productType = "com.apple.product-type.application";
		};
/* End PBXNativeTarget section */

/* Begin PBXProject section */
		F15D4D141FDE9B4400C270FB /* Project object */ = {
			isa = PBXProject;
			attributes = {
				LastSwiftUpdateCheck = 0920;
				LastUpgradeCheck = 0920;
				ORGANIZATIONNAME = com.academy;
				TargetAttributes = {
					F15D4D1B1FDE9B4400C270FB = {
						CreatedOnToolsVersion = 9.2;
						ProvisioningStyle = Automatic;
					};
				};
			};
			buildConfigurationList = F15D4D171FDE9B4400C270FB /* Build configuration list for PBXProject "NewMarco" */;
			compatibilityVersion = "Xcode 8.0";
			developmentRegion = en;
			hasScannedForEncodings = 0;
			knownRegions = (
				en,
				Base,
			);
			mainGroup = F15D4D131FDE9B4400C270FB;
			productRefGroup = F15D4D1D1FDE9B4400C270FB /* Products */;
			projectDirPath = "";
			projectRoot = "";
			targets = (
				F15D4D1B1FDE9B4400C270FB /* NewMarco */,
			);
		};
/* End PBXProject section */

/* Begin PBXResourcesBuildPhase section */
		F15D4D1A1FDE9B4400C270FB /* Resources */ = {
			isa = PBXResourcesBuildPhase;
			buildActionMask = 2147483647;
			files = (
				F15D4D2C1FDE9B4400C270FB /* LaunchScreen.storyboard in Resources */,
				F15D4D291FDE9B4400C270FB /* Assets.xcassets in Resources */,
				F15D4D271FDE9B4400C270FB /* Main.storyboard in Resources */,
			);
			runOnlyForDeploymentPostprocessing = 0;
		};
/* End PBXResourcesBuildPhase section */

/* Begin PBXSourcesBuildPhase section */
		F15D4D181FDE9B4400C270FB /* Sources */ = {
			isa = PBXSourcesBuildPhase;
			buildActionMask = 2147483647;
			files = (
				F15D4D241FDE9B4400C270FB /* SecondViewController.swift in Sources */,
				F15D4D201FDE9B4400C270FB /* AppDelegate.swift in Sources */,
				F15D4D221FDE9B4400C270FB /* FirstViewController.swift in Sources */,
			);
			runOnlyForDeploymentPostprocessing = 0;
		};
/* End PBXSourcesBuildPhase section */

/* Begin PBXVariantGroup section */
		F15D4D251FDE9B4400C270FB /* Main.storyboard */ = {
			isa = PBXVariantGroup;
			children = (
				F15D4D261FDE9B4400C270FB /* Base */,
			);
			name = Main.storyboard;
			sourceTree = "<group>";
		};
		F15D4D2A1FDE9B4400C270FB /* LaunchScreen.storyboard */ = {
			isa = PBXVariantGroup;
			children = (
				F15D4D2B1FDE9B4400C270FB /* Base */,
			);
			name = LaunchScreen.storyboard;
			sourceTree = "<group>";
		};
/* End PBXVariantGroup section */

/* Begin XCBuildConfiguration section */
		F15D4D2E1FDE9B4400C270FB /* Debug */ = {
			isa = XCBuildConfiguration;
			buildSettings = {
				ALWAYS_SEARCH_USER_PATHS = NO;
				CLANG_ANALYZER_NONNULL = YES;
				CLANG_ANALYZER_NUMBER_OBJECT_CONVERSION = YES_AGGRESSIVE;
				CLANG_CXX_LANGUAGE_STANDARD = "gnu++14";
				CLANG_CXX_LIBRARY = "libc++";
				CLANG_ENABLE_MODULES = YES;
				CLANG_ENABLE_OBJC_ARC = YES;
				CLANG_WARN_BLOCK_CAPTURE_AUTORELEASING = YES;
				CLANG_WARN_BOOL_CONVERSION = YES;
				CLANG_WARN_COMMA = YES;
				CLANG_WARN_CONSTANT_CONVERSION = YES;
				CLANG_WARN_DIRECT_OBJC_ISA_USAGE = YES_ERROR;
				CLANG_WARN_DOCUMENTATION_COMMENTS = YES;
				CLANG_WARN_EMPTY_BODY = YES;
				CLANG_WARN_ENUM_CONVERSION = YES;
				CLANG_WARN_INFINITE_RECURSION = YES;
				CLANG_WARN_INT_CONVERSION = YES;
				CLANG_WARN_NON_LITERAL_NULL_CONVERSION = YES;
				CLANG_WARN_OBJC_LITERAL_CONVERSION = YES;
				CLANG_WARN_OBJC_ROOT_CLASS = YES_ERROR;
				CLANG_WARN_RANGE_LOOP_ANALYSIS = YES;
				CLANG_WARN_STRICT_PROTOTYPES = YES;
				CLANG_WARN_SUSPICIOUS_MOVE = YES;
				CLANG_WARN_UNGUARDED_AVAILABILITY = YES_AGGRESSIVE;
				CLANG_WARN_UNREACHABLE_CODE = YES;
				CLANG_WARN__DUPLICATE_METHOD_MATCH = YES;
				CODE_SIGN_IDENTITY = "iPhone Developer";
				COPY_PHASE_STRIP = NO;
				DEBUG_INFORMATION_FORMAT = dwarf;
				ENABLE_STRICT_OBJC_MSGSEND = YES;
				ENABLE_TESTABILITY = YES;
				GCC_C_LANGUAGE_STANDARD = gnu11;
				GCC_DYNAMIC_NO_PIC = NO;
				GCC_NO_COMMON_BLOCKS = YES;
				GCC_OPTIMIZATION_LEVEL = 0;
				GCC_PREPROCESSOR_DEFINITIONS = (
					"DEBUG=1",
					"$(inherited)",
				);
				GCC_WARN_64_TO_32_BIT_CONVERSION = YES;
				GCC_WARN_ABOUT_RETURN_TYPE = YES_ERROR;
				GCC_WARN_UNDECLARED_SELECTOR = YES;
				GCC_WARN_UNINITIALIZED_AUTOS = YES_AGGRESSIVE;
				GCC_WARN_UNUSED_FUNCTION = YES;
				GCC_WARN_UNUSED_VARIABLE = YES;
				IPHONEOS_DEPLOYMENT_TARGET = 11.2;
				MTL_ENABLE_DEBUG_INFO = YES;
				ONLY_ACTIVE_ARCH = YES;
				SDKROOT = iphoneos;
				SWIFT_ACTIVE_COMPILATION_CONDITIONS = DEBUG;
				SWIFT_OPTIMIZATION_LEVEL = "-Onone";
			};
			name = Debug;
		};
		F15D4D2F1FDE9B4400C270FB /* Release */ = {
			isa = XCBuildConfiguration;
			buildSettings = {
				ALWAYS_SEARCH_USER_PATHS = NO;
				CLANG_ANALYZER_NONNULL = YES;
				CLANG_ANALYZER_NUMBER_OBJECT_CONVERSION = YES_AGGRESSIVE;
				CLANG_CXX_LANGUAGE_STANDARD = "gnu++14";
				CLANG_CXX_LIBRARY = "libc++";
				CLANG_ENABLE_MODULES = YES;
				CLANG_ENABLE_OBJC_ARC = YES;
				CLANG_WARN_BLOCK_CAPTURE_AUTORELEASING = YES;
				CLANG_WARN_BOOL_CONVERSION = YES;
				CLANG_WARN_COMMA = YES;
				CLANG_WARN_CONSTANT_CONVERSION = YES;
				CLANG_WARN_DIRECT_OBJC_ISA_USAGE = YES_ERROR;
				CLANG_WARN_DOCUMENTATION_COMMENTS = YES;
				CLANG_WARN_EMPTY_BODY = YES;
				CLANG_WARN_ENUM_CONVERSION = YES;
				CLANG_WARN_INFINITE_RECURSION = YES;
				CLANG_WARN_INT_CONVERSION = YES;
				CLANG_WARN_NON_LITERAL_NULL_CONVERSION = YES;
				CLANG_WARN_OBJC_LITERAL_CONVERSION = YES;
				CLANG_WARN_OBJC_ROOT_CLASS = YES_ERROR;
				CLANG_WARN_RANGE_LOOP_ANALYSIS = YES;
				CLANG_WARN_STRICT_PROTOTYPES = YES;
				CLANG_WARN_SUSPICIOUS_MOVE = YES;
				CLANG_WARN_UNGUARDED_AVAILABILITY = YES_AGGRESSIVE;
				CLANG_WARN_UNREACHABLE_CODE = YES;
				CLANG_WARN__DUPLICATE_METHOD_MATCH = YES;
				CODE_SIGN_IDENTITY = "iPhone Developer";
				COPY_PHASE_STRIP = NO;
				DEBUG_INFORMATION_FORMAT = "dwarf-with-dsym";
				ENABLE_NS_ASSERTIONS = NO;
				ENABLE_STRICT_OBJC_MSGSEND = YES;
				GCC_C_LANGUAGE_STANDARD = gnu11;
				GCC_NO_COMMON_BLOCKS = YES;
				GCC_WARN_64_TO_32_BIT_CONVERSION = YES;
				GCC_WARN_ABOUT_RETURN_TYPE = YES_ERROR;
				GCC_WARN_UNDECLARED_SELECTOR = YES;
				GCC_WARN_UNINITIALIZED_AUTOS = YES_AGGRESSIVE;
				GCC_WARN_UNUSED_FUNCTION = YES;
				GCC_WARN_UNUSED_VARIABLE = YES;
				IPHONEOS_DEPLOYMENT_TARGET = 11.2;
				MTL_ENABLE_DEBUG_INFO = NO;
				SDKROOT = iphoneos;
				SWIFT_OPTIMIZATION_LEVEL = "-Owholemodule";
				VALIDATE_PRODUCT = YES;
			};
			name = Release;
		};
		F15D4D311FDE9B4400C270FB /* Debug */ = {
			isa = XCBuildConfiguration;
			buildSettings = {
				ASSETCATALOG_COMPILER_APPICON_NAME = AppIcon;
				CODE_SIGN_STYLE = Automatic;
				DEVELOPMENT_TEAM = GUPEPQU7DU;
				INFOPLIST_FILE = NewMarco/Info.plist;
				LD_RUNPATH_SEARCH_PATHS = "$(inherited) @executable_path/Frameworks";
				PRODUCT_BUNDLE_IDENTIFIER = com.academy.group12.NewMarco;
				PRODUCT_NAME = "$(TARGET_NAME)";
				SWIFT_VERSION = 4.0;
				TARGETED_DEVICE_FAMILY = "1,2";
			};
			name = Debug;
		};
		F15D4D321FDE9B4400C270FB /* Release */ = {
			isa = XCBuildConfiguration;
			buildSettings = {
				ASSETCATALOG_COMPILER_APPICON_NAME = AppIcon;
				CODE_SIGN_STYLE = Automatic;
				DEVELOPMENT_TEAM = GUPEPQU7DU;
				INFOPLIST_FILE = NewMarco/Info.plist;
				LD_RUNPATH_SEARCH_PATHS = "$(inherited) @executable_path/Frameworks";
				PRODUCT_BUNDLE_IDENTIFIER = com.academy.group12.NewMarco;
				PRODUCT_NAME = "$(TARGET_NAME)";
				SWIFT_VERSION = 4.0;
				TARGETED_DEVICE_FAMILY = "1,2";
			};
			name = Release;
		};
/* End XCBuildConfiguration section */

/* Begin XCConfigurationList section */
		F15D4D171FDE9B4400C270FB /* Build configuration list for PBXProject "NewMarco" */ = {
			isa = XCConfigurationList;
			buildConfigurations = (
				F15D4D2E1FDE9B4400C270FB /* Debug */,
				F15D4D2F1FDE9B4400C270FB /* Release */,
			);
			defaultConfigurationIsVisible = 0;
			defaultConfigurationName = Release;
		};
		F15D4D301FDE9B4400C270FB /* Build configuration list for PBXNativeTarget "NewMarco" */ = {
			isa = XCConfigurationList;
			buildConfigurations = (
				F15D4D311FDE9B4400C270FB /* Debug */,
				F15D4D321FDE9B4400C270FB /* Release */,
			);
			defaultConfigurationIsVisible = 0;
			defaultConfigurationName = Release;
		};
/* End XCConfigurationList section */
	};
	rootObject = F15D4D141FDE9B4400C270FB /* Project object */;
}
